
Microsoft Visual Studio Solution File, Format Version 12.00
# Visual Studio Version 17
VisualStudioVersion = 17.14.37111.16 d17.14
MinimumVisualStudioVersion = 10.0.40219.1
Project("{FAE04EC0-301F-11D3-BF4B-00C04F79EFBC}") = "CoffeeApi", "CoffeeApi.csproj", "{14C29CEE-9BDB-4B42-B90F-D684EC7FC115}"
EndProject
Project("{FAE04EC0-301F-11D3-BF4B-00C04F79EFBC}") = "CoffeeApi.Test", "..\CoffeeApi.Test\CoffeeApi.Test.csproj", "{8ED9594C-87AF-4FDD-8F81-E4B90DB03741}"
EndProject
Global
	GlobalSection(SolutionConfigurationPlatforms) = preSolution
		Debug|Any CPU = Debug|Any CPU
		Release|Any CPU = Release|Any CPU
	EndGlobalSection
	GlobalSection(ProjectConfigurationPlatforms) = postSolution
		{14C29CEE-9BDB-4B42-B90F-D684EC7FC115}.Debug|Any CPU.ActiveCfg = Debug|Any CPU
		{14C29CEE-9BDB-4B42-B90F-D684EC7FC115}.Debug|Any CPU.Build.0 = Debug|Any CPU
		{14C29CEE-9BDB-4B42-B90F-D684EC7FC115}.Release|Any CPU.ActiveCfg = Release|Any CPU
		{14C29CEE-9BDB-4B42-B90F-D684EC7FC115}.Release|Any CPU.Build.0 = Release|Any CPU
		{8ED9594C-87AF-4FDD-8F81-E4B90DB03741}.Debug|Any CPU.ActiveCfg = Debug|Any CPU
		{8ED9594C-87AF-4FDD-8F81-E4B90DB03741}.Debug|Any CPU.Build.0 = Debug|Any CPU
		{8ED9594C-87AF-4FDD-8F81-E4B90DB03741}.Release|Any CPU.ActiveCfg = Release|Any CPU
		{8ED9594C-87AF-4FDD-8F81-E4B90DB03741}.Release|Any CPU.Build.0 = Release|Any CPU
	EndGlobalSection
	GlobalSection(SolutionProperties) = preSolution
		HideSolutionNode = FALSE
	EndGlobalSection
	GlobalSection(ExtensibilityGlobals) = postSolution
		SolutionGuid = {C7625A16-4B6E-415A-9F69-FAED32F67AA5}
	EndGlobalSection
EndGlobal
